# This file is automatically @generated by Cargo.
# It is not intended for manual editing.
version = 4

[[package]]
name = "fof"
version = "0.1.0"
dependencies = [
 "num-primitive",
]

[[package]]
name = "num-primitive"
version = "0.3.4"
source = "registry+https://github.com/rust-lang/crates.io-index"
checksum = "b101e1b560d758fc364aeabb0fa6c5ea947b5b51a452497d3d73cac47efbff5c"
